
Microsoft Visual Studio Solution File, Format Version 12.00
# Visual Studio Version 17
VisualStudioVersion = 17.8.34330.188
MinimumVisualStudioVersion = 10.0.40219.1
Project("{FAE04EC0-301F-11D3-BF4B-00C04F79EFBC}") = "DataLayer", "DataLayer\DataLayer.csproj", "{45B00121-F3C2-49AA-8568-62EB7D64A202}"
EndProject
Project("{FAE04EC0-301F-11D3-BF4B-00C04F79EFBC}") = "BusinessLayer", "BusinessLayer\BusinessLayer.csproj", "{11A0590D-D934-4835-A02D-A5DFD56D6A05}"
EndProject
Project("{FAE04EC0-301F-11D3-BF4B-00C04F79EFBC}") = "UNGDUNG", "ungDung\UNGDUNG.csproj", "{BDB0C4AD-4F41-4103-9270-251D03DCCE13}"
EndProject
Global
	GlobalSection(SolutionConfigurationPlatforms) = preSolution
		Debug|Any CPU = Debug|Any CPU
		Release|Any CPU = Release|Any CPU
	EndGlobalSection
	GlobalSection(ProjectConfigurationPlatforms) = postSolution
		{45B00121-F3C2-49AA-8568-62EB7D64A202}.Debug|Any CPU.ActiveCfg = Debug|Any CPU
		{45B00121-F3C2-49AA-8568-62EB7D64A202}.Debug|Any CPU.Build.0 = Debug|Any CPU
		{45B00121-F3C2-49AA-8568-62EB7D64A202}.Release|Any CPU.ActiveCfg = Release|Any CPU
		{45B00121-F3C2-49AA-8568-62EB7D64A202}.Release|Any CPU.Build.0 = Release|Any CPU
		{11A0590D-D934-4835-A02D-A5DFD56D6A05}.Debug|Any CPU.ActiveCfg = Debug|Any CPU
		{11A0590D-D934-4835-A02D-A5DFD56D6A05}.Debug|Any CPU.Build.0 = Debug|Any CPU
		{11A0590D-D934-4835-A02D-A5DFD56D6A05}.Release|Any CPU.ActiveCfg = Release|Any CPU
		{11A0590D-D934-4835-A02D-A5DFD56D6A05}.Release|Any CPU.Build.0 = Release|Any CPU
		{BDB0C4AD-4F41-4103-9270-251D03DCCE13}.Debug|Any CPU.ActiveCfg = Debug|Any CPU
		{BDB0C4AD-4F41-4103-9270-251D03DCCE13}.Debug|Any CPU.Build.0 = Debug|Any CPU
		{BDB0C4AD-4F41-4103-9270-251D03DCCE13}.Release|Any CPU.ActiveCfg = Release|Any CPU
		{BDB0C4AD-4F41-4103-9270-251D03DCCE13}.Release|Any CPU.Build.0 = Release|Any CPU
	EndGlobalSection
	GlobalSection(SolutionProperties) = preSolution
		HideSolutionNode = FALSE
	EndGlobalSection
	GlobalSection(ExtensibilityGlobals) = postSolution
		SolutionGuid = {7AD6E536-18EE-460A-8949-8FDD402A603B}
	EndGlobalSection
EndGlobal
